
Microsoft Visual Studio Solution File, Format Version 12.00
Project("{FAE04EC0-301F-11D3-BF4B-00C04F79EFBC}") = "View", "View\View.csproj", "{F598AA42-5514-4A8E-8B96-020582F32FC4}"
EndProject
Project("{FAE04EC0-301F-11D3-BF4B-00C04F79EFBC}") = "Domain", "Domain\Domain.csproj", "{3C5C4C54-D940-4BB2-B422-1894EA5714F4}"
EndProject
Project("{FAE04EC0-301F-11D3-BF4B-00C04F79EFBC}") = "Model", "Model\Model.csproj", "{6201F8B0-7AF0-4312-BD64-2D34E28D0653}"
EndProject
Global
	GlobalSection(SolutionConfigurationPlatforms) = preSolution
		Debug|Any CPU = Debug|Any CPU
		Release|Any CPU = Release|Any CPU
	EndGlobalSection
	GlobalSection(ProjectConfigurationPlatforms) = postSolution
		{F598AA42-5514-4A8E-8B96-020582F32FC4}.Debug|Any CPU.ActiveCfg = Debug|Any CPU
		{F598AA42-5514-4A8E-8B96-020582F32FC4}.Debug|Any CPU.Build.0 = Debug|Any CPU
		{F598AA42-5514-4A8E-8B96-020582F32FC4}.Release|Any CPU.ActiveCfg = Release|Any CPU
		{F598AA42-5514-4A8E-8B96-020582F32FC4}.Release|Any CPU.Build.0 = Release|Any CPU
		{3C5C4C54-D940-4BB2-B422-1894EA5714F4}.Debug|Any CPU.ActiveCfg = Debug|Any CPU
		{3C5C4C54-D940-4BB2-B422-1894EA5714F4}.Debug|Any CPU.Build.0 = Debug|Any CPU
		{3C5C4C54-D940-4BB2-B422-1894EA5714F4}.Release|Any CPU.ActiveCfg = Release|Any CPU
		{3C5C4C54-D940-4BB2-B422-1894EA5714F4}.Release|Any CPU.Build.0 = Release|Any CPU
		{6201F8B0-7AF0-4312-BD64-2D34E28D0653}.Debug|Any CPU.ActiveCfg = Debug|Any CPU
		{6201F8B0-7AF0-4312-BD64-2D34E28D0653}.Debug|Any CPU.Build.0 = Debug|Any CPU
		{6201F8B0-7AF0-4312-BD64-2D34E28D0653}.Release|Any CPU.ActiveCfg = Release|Any CPU
		{6201F8B0-7AF0-4312-BD64-2D34E28D0653}.Release|Any CPU.Build.0 = Release|Any CPU
	EndGlobalSection
EndGlobal
